Microsoft Visual Studio Solution File, Format Version 12.00
# Visual Studio Version 17
VisualStudioVersion = 17.0.31903.59
MinimumVisualStudioVersion = 10.0.40219.1
Project("{FAE04EC0-301F-11D3-BF4B-00C04F79EFBC}") = "CatalogWin", "src\CatalogWin\CatalogWin.csproj", "{C2612D9A-2EFE-4C82-8BF2-0EF725D34EBA}"
EndProject
Project("{FAE04EC0-301F-11D3-BF4B-00C04F79EFBC}") = "CatalogWin.Tests", "tests\CatalogWin.Tests\CatalogWin.Tests.csproj", "{DED6BA27-D987-457F-B958-B955F37FE544}"
EndProject
Global
	GlobalSection(SolutionConfigurationPlatforms) = preSolution
		Debug|x64 = Debug|x64
		Release|x64 = Release|x64
	EndGlobalSection
	GlobalSection(ProjectConfigurationPlatforms) = postSolution
		{C2612D9A-2EFE-4C82-8BF2-0EF725D34EBA}.Debug|x64.ActiveCfg = Debug|x64
		{C2612D9A-2EFE-4C82-8BF2-0EF725D34EBA}.Debug|x64.Build.0 = Debug|x64
		{C2612D9A-2EFE-4C82-8BF2-0EF725D34EBA}.Release|x64.ActiveCfg = Release|x64
		{C2612D9A-2EFE-4C82-8BF2-0EF725D34EBA}.Release|x64.Build.0 = Release|x64
		{DED6BA27-D987-457F-B958-B955F37FE544}.Debug|x64.ActiveCfg = Debug|x64
		{DED6BA27-D987-457F-B958-B955F37FE544}.Debug|x64.Build.0 = Debug|x64
		{DED6BA27-D987-457F-B958-B955F37FE544}.Release|x64.ActiveCfg = Release|x64
		{DED6BA27-D987-457F-B958-B955F37FE544}.Release|x64.Build.0 = Release|x64
	EndGlobalSection
EndGlobal
